
Microsoft Visual Studio Solution File, Format Version 12.00
# Visual Studio Version 17
VisualStudioVersion = 17.14.36414.22 d17.14
MinimumVisualStudioVersion = 10.0.40219.1
Project("{FAE04EC0-301F-11D3-BF4B-00C04F79EFBC}") = "Tests", "Tests\Tests\Tests.csproj", "{677E6D13-22FD-48A8-A3F3-B36F490AABC5}"
EndProject
Project("{FAE04EC0-301F-11D3-BF4B-00C04F79EFBC}") = "WebApp", "Tests\WebApp\WebApp.csproj", "{39900F31-863B-4C3E-87A7-8A8A0ED465D4}"
EndProject
Global
	GlobalSection(SolutionConfigurationPlatforms) = preSolution
		Debug|Any CPU = Debug|Any CPU
		Release|Any CPU = Release|Any CPU
	EndGlobalSection
	GlobalSection(ProjectConfigurationPlatforms) = postSolution
		{677E6D13-22FD-48A8-A3F3-B36F490AABC5}.Debug|Any CPU.ActiveCfg = Debug|Any CPU
		{677E6D13-22FD-48A8-A3F3-B36F490AABC5}.Debug|Any CPU.Build.0 = Debug|Any CPU
		{677E6D13-22FD-48A8-A3F3-B36F490AABC5}.Release|Any CPU.ActiveCfg = Release|Any CPU
		{677E6D13-22FD-48A8-A3F3-B36F490AABC5}.Release|Any CPU.Build.0 = Release|Any CPU
		{39900F31-863B-4C3E-87A7-8A8A0ED465D4}.Debug|Any CPU.ActiveCfg = Debug|Any CPU
		{39900F31-863B-4C3E-87A7-8A8A0ED465D4}.Debug|Any CPU.Build.0 = Debug|Any CPU
		{39900F31-863B-4C3E-87A7-8A8A0ED465D4}.Release|Any CPU.ActiveCfg = Release|Any CPU
		{39900F31-863B-4C3E-87A7-8A8A0ED465D4}.Release|Any CPU.Build.0 = Release|Any CPU
	EndGlobalSection
	GlobalSection(SolutionProperties) = preSolution
		HideSolutionNode = FALSE
	EndGlobalSection
	GlobalSection(ExtensibilityGlobals) = postSolution
		SolutionGuid = {265924E8-1DFC-48A3-8E17-20BDF7452B38}
	EndGlobalSection
EndGlobal
